
Microsoft Visual Studio Solution File, Format Version 12.00
Project("{FAE04EC0-301F-11D3-BF4B-00C04F79EFBC}") = "EntityFrameworkUdemy", "EntityFrameworkUdemy\EntityFrameworkUdemy.csproj", "{C84A2351-FE73-4C06-B865-E8EAF7C8E505}"
EndProject
Global
	GlobalSection(SolutionConfigurationPlatforms) = preSolution
		Debug|Any CPU = Debug|Any CPU
		Release|Any CPU = Release|Any CPU
	EndGlobalSection
	GlobalSection(ProjectConfigurationPlatforms) = postSolution
		{C84A2351-FE73-4C06-B865-E8EAF7C8E505}.Debug|Any CPU.ActiveCfg = Debug|Any CPU
		{C84A2351-FE73-4C06-B865-E8EAF7C8E505}.Debug|Any CPU.Build.0 = Debug|Any CPU
		{C84A2351-FE73-4C06-B865-E8EAF7C8E505}.Release|Any CPU.ActiveCfg = Release|Any CPU
		{C84A2351-FE73-4C06-B865-E8EAF7C8E505}.Release|Any CPU.Build.0 = Release|Any CPU
	EndGlobalSection
EndGlobal
